
Microsoft Visual Studio Solution File, Format Version 12.00
# Visual Studio Version 16
VisualStudioVersion = 16.0.30011.22
MinimumVisualStudioVersion = 10.0.40219.1
Project("{FAE04EC0-301F-11D3-BF4B-00C04F79EFBC}") = "VidSub Renamer", "VidSub Renamer.csproj", "{23370392-C3D2-4D8B-A26B-EE53C896A927}"
EndProject
Global
	GlobalSection(SolutionConfigurationPlatforms) = preSolution
		Debug|Any CPU = Debug|Any CPU
		Release|Any CPU = Release|Any CPU
	EndGlobalSection
	GlobalSection(ProjectConfigurationPlatforms) = postSolution
		{23370392-C3D2-4D8B-A26B-EE53C896A927}.Debug|Any CPU.ActiveCfg = Debug|Any CPU
		{23370392-C3D2-4D8B-A26B-EE53C896A927}.Debug|Any CPU.Build.0 = Debug|Any CPU
		{23370392-C3D2-4D8B-A26B-EE53C896A927}.Release|Any CPU.ActiveCfg = Release|Any CPU
		{23370392-C3D2-4D8B-A26B-EE53C896A927}.Release|Any CPU.Build.0 = Release|Any CPU
	EndGlobalSection
	GlobalSection(SolutionProperties) = preSolution
		HideSolutionNode = FALSE
	EndGlobalSection
	GlobalSection(ExtensibilityGlobals) = postSolution
		SolutionGuid = {BA47AA0B-15F4-45C3-BAF3-10740340D736}
	EndGlobalSection
EndGlobal
